
Microsoft Visual Studio Solution File, Format Version 12.00
# Visual Studio Version 17
VisualStudioVersion = 17.4.33213.308
MinimumVisualStudioVersion = 10.0.40219.1
Project("{9A19103F-16F7-4668-BE54-9A1E7A4F7556}") = "ActiverWebAPI", "ActiverWebAPI.csproj", "{EA09218E-0484-4371-8FF7-0DB173D646DF}"
EndProject
Project("{FAE04EC0-301F-11D3-BF4B-00C04F79EFBC}") = "ActiverWebAPI.Tests", "..\ActiverWebAPI.Tests\ActiverWebAPI.Tests.csproj", "{07A414A5-6A6B-445D-BB61-62CAFA169D58}"
EndProject
Global
	GlobalSection(SolutionConfigurationPlatforms) = preSolution
		Debug|Any CPU = Debug|Any CPU
		Release|Any CPU = Release|Any CPU
	EndGlobalSection
	GlobalSection(ProjectConfigurationPlatforms) = postSolution
		{EA09218E-0484-4371-8FF7-0DB173D646DF}.Debug|Any CPU.ActiveCfg = Debug|Any CPU
		{EA09218E-0484-4371-8FF7-0DB173D646DF}.Debug|Any CPU.Build.0 = Debug|Any CPU
		{EA09218E-0484-4371-8FF7-0DB173D646DF}.Release|Any CPU.ActiveCfg = Release|Any CPU
		{EA09218E-0484-4371-8FF7-0DB173D646DF}.Release|Any CPU.Build.0 = Release|Any CPU
		{07A414A5-6A6B-445D-BB61-62CAFA169D58}.Debug|Any CPU.ActiveCfg = Debug|Any CPU
		{07A414A5-6A6B-445D-BB61-62CAFA169D58}.Debug|Any CPU.Build.0 = Debug|Any CPU
		{07A414A5-6A6B-445D-BB61-62CAFA169D58}.Release|Any CPU.ActiveCfg = Release|Any CPU
		{07A414A5-6A6B-445D-BB61-62CAFA169D58}.Release|Any CPU.Build.0 = Release|Any CPU
	EndGlobalSection
	GlobalSection(SolutionProperties) = preSolution
		HideSolutionNode = FALSE
	EndGlobalSection
	GlobalSection(ExtensibilityGlobals) = postSolution
		SolutionGuid = {03A4E434-632D-483C-8BD8-649E4640AA73}
	EndGlobalSection
EndGlobal
